
Microsoft Visual Studio Solution File, Format Version 12.00
# Visual Studio Version 17
VisualStudioVersion = 17.1.32319.34
MinimumVisualStudioVersion = 10.0.40219.1
Project("{9A19103F-16F7-4668-BE54-9A1E7A4F7556}") = "ReverseProxyApp", "ReverseProxyApp.csproj", "{DBA697B4-35DB-458B-9908-B7A0329708EE}"
EndProject
Global
	GlobalSection(SolutionConfigurationPlatforms) = preSolution
		Debug|Any CPU = Debug|Any CPU
		Release|Any CPU = Release|Any CPU
	EndGlobalSection
	GlobalSection(ProjectConfigurationPlatforms) = postSolution
		{DBA697B4-35DB-458B-9908-B7A0329708EE}.Debug|Any CPU.ActiveCfg = Debug|Any CPU
		{DBA697B4-35DB-458B-9908-B7A0329708EE}.Debug|Any CPU.Build.0 = Debug|Any CPU
		{DBA697B4-35DB-458B-9908-B7A0329708EE}.Release|Any CPU.ActiveCfg = Release|Any CPU
		{DBA697B4-35DB-458B-9908-B7A0329708EE}.Release|Any CPU.Build.0 = Release|Any CPU
	EndGlobalSection
	GlobalSection(SolutionProperties) = preSolution
		HideSolutionNode = FALSE
	EndGlobalSection
	GlobalSection(ExtensibilityGlobals) = postSolution
		SolutionGuid = {85C0EE9E-621A-44BC-8B3D-938B44F1A737}
	EndGlobalSection
EndGlobal
